// !$*UTF8*$!
{
	archiveVersion = 1;
	classes = {
	};
	objectVersion = 46;
	objects = {

/* Begin PBXBuildFile section */
		42A5B953198C568900C3BCC1 /* Foundation.framework in Frameworks */ = {isa = PBXBuildFile; fileRef = 42A5B952198C568900C3BCC1 /* Foundation.framework */; };
		42A5B955198C568900C3BCC1 /* CoreGraphics.framework in Frameworks */ = {isa = PBXBuildFile; fileRef = 42A5B954198C568900C3BCC1 /* CoreGraphics.framework */; };
		42A5B957198C568900C3BCC1 /* UIKit.framework in Frameworks */ = {isa = PBXBuildFile; fileRef = 42A5B956198C568900C3BCC1 /* UIKit.framework */; };
		42A5B95D198C568900C3BCC1 /* InfoPlist.strings in Resources */ = {isa = PBXBuildFile; fileRef = 42A5B95B198C568900C3BCC1 /* InfoPlist.strings */; };
		42A5B95F198C568900C3BCC1 /* main.m in Sources */ = {isa = PBXBuildFile; fileRef = 42A5B95E198C568900C3BCC1 /* main.m */; };
		42A5B963198C568900C3BCC1 /* CHAppDelegate.m in Sources */ = {isa = PBXBuildFile; fileRef = 42A5B962198C568900C3BCC1 /* CHAppDelegate.m */; };
		42A5B965198C568900C3BCC1 /* Images.xcassets in Resources */ = {isa = PBXBuildFile; fileRef = 42A5B964198C568900C3BCC1 /* Images.xcassets */; };
		42A5B96C198C568900C3BCC1 /* XCTest.framework in Frameworks */ = {isa = PBXBuildFile; fileRef = 42A5B96B198C568900C3BCC1 /* XCTest.framework */; };
		42A5B96D198C568900C3BCC1 /* Foundation.framework in Frameworks */ = {isa = PBXBuildFile; fileRef = 42A5B952198C568900C3BCC1 /* Foundation.framework */; };
		42A5B96E198C568900C3BCC1 /* UIKit.framework in Frameworks */ = {isa = PBXBuildFile; fileRef = 42A5B956198C568900C3BCC1 /* UIKit.framework */; };
		42A5B976198C568900C3BCC1 /* InfoPlist.strings in Resources */ = {isa = PBXBuildFile; fileRef = 42A5B974198C568900C3BCC1 /* InfoPlist.strings */; };
		42A5B978198C568900C3BCC1 /* CHDropDownTextFieldExampleTests.m in Sources */ = {isa = PBXBuildFile; fileRef = 42A5B977198C568900C3BCC1 /* CHDropDownTextFieldExampleTests.m */; };
		42A5B983198C584E00C3BCC1 /* CHViewController.m in Sources */ = {isa = PBXBuildFile; fileRef = 42A5B982198C584E00C3BCC1 /* CHViewController.m */; };
		42A5B989198C58AF00C3BCC1 /* CHDropDownTextField.m in Sources */ = {isa = PBXBuildFile; fileRef = 42A5B986198C58AF00C3BCC1 /* CHDropDownTextField.m */; };
		42A5B98A198C58AF00C3BCC1 /* CHDropDownTextFieldTableViewCell.m in Sources */ = {isa = PBXBuildFile; fileRef = 42A5B988198C58AF00C3BCC1 /* CHDropDownTextFieldTableViewCell.m */; };
		42A5B98C198C692300C3BCC1 /* Main-iPhone.storyboard in Resources */ = {isa = PBXBuildFile; fileRef = 42A5B98B198C692300C3BCC1 /* Main-iPhone.storyboard */; };
/* End PBXBuildFile section */

/* Begin PBXContainerItemProxy section */
		42A5B96F198C568900C3BCC1 /* PBXContainerItemProxy */ = {
			isa = PBXContainerItemProxy;
			containerPortal = 42A5B947198C568900C3BCC1 /* Project object */;
			proxyType = 1;
			remoteGlobalIDString = 42A5B94E198C568900C3BCC1;
			remoteInfo = CHDropDownTextFieldExample;
		};
/* End PBXContainerItemProxy section */

/* Begin PBXFileReference section */
		42A5B94F198C568900C3BCC1 /* CHDropDownTextFieldExample.app */ = {isa = PBXFileReference; explicitFileType = wrapper.application; includeInIndex = 0; path = CHDropDownTextFieldExample.app; sourceTree = BUILT_PRODUCTS_DIR; };
		42A5B952198C568900C3BCC1 /* Foundation.framework */ = {isa = PBXFileReference; lastKnownFileType = wrapper.framework; name = Foundation.framework; path = System/Library/Frameworks/Foundation.framework; sourceTree = SDKROOT; };
		42A5B954198C568900C3BCC1 /* CoreGraphics.framework */ = {isa = PBXFileReference; lastKnownFileType = wrapper.framework; name = CoreGraphics.framework; path = System/Library/Frameworks/CoreGraphics.framework; sourceTree = SDKROOT; };
		42A5B956198C568900C3BCC1 /* UIKit.framework */ = {isa = PBXFileReference; lastKnownFileType = wrapper.framework; name = UIKit.framework; path = System/Library/Frameworks/UIKit.framework; sourceTree = SDKROOT; };
		42A5B95A198C568900C3BCC1 /* CHDropDownTextFieldExample-Info.plist */ = {isa = PBXFileReference; lastKnownFileType = text.plist.xml; path = "CHDropDownTextFieldExample-Info.plist"; sourceTree = "<group>"; };
		42A5B95C198C568900C3BCC1 /* en */ = {isa = PBXFileReference; lastKnownFileType = text.plist.strings; name = en; path = en.lproj/InfoPlist.strings; sourceTree = "<group>"; };
		42A5B95E198C568900C3BCC1 /* main.m */ = {isa = PBXFileReference; lastKnownFileType = sourcecode.c.objc; path = main.m; sourceTree = "<group>"; };
		42A5B960198C568900C3BCC1 /* CHDropDownTextFieldExample-Prefix.pch */ = {isa = PBXFileReference; lastKnownFileType = sourcecode.c.h; path = "CHDropDownTextFieldExample-Prefix.pch"; sourceTree = "<group>"; };
		42A5B961198C568900C3BCC1 /* CHAppDelegate.h */ = {isa = PBXFileReference; lastKnownFileType = sourcecode.c.h; path = CHAppDelegate.h; sourceTree = "<group>"; };
		42A5B962198C568900C3BCC1 /* CHAppDelegate.m */ = {isa = PBXFileReference; lastKnownFileType = sourcecode.c.objc; path = CHAppDelegate.m; sourceTree = "<group>"; };
		42A5B964198C568900C3BCC1 /* Images.xcassets */ = {isa = PBXFileReference; lastKnownFileType = folder.assetcatalog; path = Images.xcassets; sourceTree = "<group>"; };
		42A5B96A198C568900C3BCC1 /* CHDropDownTextFieldExampleTests.xctest */ = {isa = PBXFileReference; explicitFileType = wrapper.cfbundle; includeInIndex = 0; path = CHDropDownTextFieldExampleTests.xctest; sourceTree = BUILT_PRODUCTS_DIR; };
		42A5B96B198C568900C3BCC1 /* XCTest.framework */ = {isa = PBXFileReference; lastKnownFileType = wrapper.framework; name = XCTest.framework; path = Library/Frameworks/XCTest.framework; sourceTree = DEVELOPER_DIR; };
		42A5B973198C568900C3BCC1 /* CHDropDownTextFieldExampleTests-Info.plist */ = {isa = PBXFileReference; lastKnownFileType = text.plist.xml; path = "CHDropDownTextFieldExampleTests-Info.plist"; sourceTree = "<group>"; };
		42A5B975198C568900C3BCC1 /* en */ = {isa = PBXFileReference; lastKnownFileType = text.plist.strings; name = en; path = en.lproj/InfoPlist.strings; sourceTree = "<group>"; };
		42A5B977198C568900C3BCC1 /* CHDropDownTextFieldExampleTests.m */ = {isa = PBXFileReference; lastKnownFileType = sourcecode.c.objc; path = CHDropDownTextFieldExampleTests.m; sourceTree = "<group>"; };
		42A5B981198C584E00C3BCC1 /* CHViewController.h */ = {isa = PBXFileReference; fileEncoding = 4; lastKnownFileType = sourcecode.c.h; path = CHViewController.h; sourceTree = "<group>"; };
		42A5B982198C584E00C3BCC1 /* CHViewController.m */ = {isa = PBXFileReference; fileEncoding = 4; lastKnownFileType = sourcecode.c.objc; path = CHViewController.m; sourceTree = "<group>"; };
		42A5B985198C58AF00C3BCC1 /* CHDropDownTextField.h */ = {isa = PBXFileReference; fileEncoding = 4; lastKnownFileType = sourcecode.c.h; path = CHDropDownTextField.h; sourceTree = "<group>"; };
		42A5B986198C58AF00C3BCC1 /* CHDropDownTextField.m */ = {isa = PBXFileReference; fileEncoding = 4; lastKnownFileType = sourcecode.c.objc; path = CHDropDownTextField.m; sourceTree = "<group>"; };
		42A5B987198C58AF00C3BCC1 /* CHDropDownTextFieldTableViewCell.h */ = {isa = PBXFileReference; fileEncoding = 4; lastKnownFileType = sourcecode.c.h; path = CHDropDownTextFieldTableViewCell.h; sourceTree = "<group>"; };
		42A5B988198C58AF00C3BCC1 /* CHDropDownTextFieldTableViewCell.m */ = {isa = PBXFileReference; fileEncoding = 4; lastKnownFileType = sourcecode.c.objc; path = CHDropDownTextFieldTableViewCell.m; sourceTree = "<group>"; };
		42A5B98B198C692300C3BCC1 /* Main-iPhone.storyboard */ = {isa = PBXFileReference; fileEncoding = 4; lastKnownFileType = file.storyboard; path = "Main-iPhone.storyboard"; sourceTree = "<group>"; };
/* End PBXFileReference section */

/* Begin PBXFrameworksBuildPhase section */
		42A5B94C198C568900C3BCC1 /* Frameworks */ = {
			isa = PBXFrameworksBuildPhase;
			buildActionMask = 2147483647;
			files = (
				42A5B955198C568900C3BCC1 /* CoreGraphics.framework in Frameworks */,
				42A5B957198C568900C3BCC1 /* UIKit.framework in Frameworks */,
				42A5B953198C568900C3BCC1 /* Foundation.framework in Frameworks */,
			);
			runOnlyForDeploymentPostprocessing = 0;
		};
		42A5B967198C568900C3BCC1 /* Frameworks */ = {
			isa = PBXFrameworksBuildPhase;
			buildActionMask = 2147483647;
			files = (
				42A5B96C198C568900C3BCC1 /* XCTest.framework in Frameworks */,
				42A5B96E198C568900C3BCC1 /* UIKit.framework in Frameworks */,
				42A5B96D198C568900C3BCC1 /* Foundation.framework in Frameworks */,
			);
			runOnlyForDeploymentPostprocessing = 0;
		};
/* End PBXFrameworksBuildPhase section */

/* Begin PBXGroup section */
		42A5B946198C568900C3BCC1 = {
			isa = PBXGroup;
			children = (
				42A5B958198C568900C3BCC1 /* CHDropDownTextFieldExample */,
				42A5B971198C568900C3BCC1 /* CHDropDownTextFieldExampleTests */,
				42A5B951198C568900C3BCC1 /* Frameworks */,
				42A5B950198C568900C3BCC1 /* Products */,
			);
			sourceTree = "<group>";
		};
		42A5B950198C568900C3BCC1 /* Products */ = {
			isa = PBXGroup;
			children = (
				42A5B94F198C568900C3BCC1 /* CHDropDownTextFieldExample.app */,
				42A5B96A198C568900C3BCC1 /* CHDropDownTextFieldExampleTests.xctest */,
			);
			name = Products;
			sourceTree = "<group>";
		};
		42A5B951198C568900C3BCC1 /* Frameworks */ = {
			isa = PBXGroup;
			children = (
				42A5B952198C568900C3BCC1 /* Foundation.framework */,
				42A5B954198C568900C3BCC1 /* CoreGraphics.framework */,
				42A5B956198C568900C3BCC1 /* UIKit.framework */,
				42A5B96B198C568900C3BCC1 /* XCTest.framework */,
			);
			name = Frameworks;
			sourceTree = "<group>";
		};
		42A5B958198C568900C3BCC1 /* CHDropDownTextFieldExample */ = {
			isa = PBXGroup;
			children = (
				42A5B984198C58AF00C3BCC1 /* CHDropDownTextField */,
				42A5B961198C568900C3BCC1 /* CHAppDelegate.h */,
				42A5B962198C568900C3BCC1 /* CHAppDelegate.m */,
				42A5B98B198C692300C3BCC1 /* Main-iPhone.storyboard */,
				42A5B981198C584E00C3BCC1 /* CHViewController.h */,
				42A5B982198C584E00C3BCC1 /* CHViewController.m */,
				42A5B964198C568900C3BCC1 /* Images.xcassets */,
				42A5B959198C568900C3BCC1 /* Supporting Files */,
			);
			path = CHDropDownTextFieldExample;
			sourceTree = "<group>";
		};
		42A5B959198C568900C3BCC1 /* Supporting Files */ = {
			isa = PBXGroup;
			children = (
				42A5B95A198C568900C3BCC1 /* CHDropDownTextFieldExample-Info.plist */,
				42A5B95B198C568900C3BCC1 /* InfoPlist.strings */,
				42A5B95E198C568900C3BCC1 /* main.m */,
				42A5B960198C568900C3BCC1 /* CHDropDownTextFieldExample-Prefix.pch */,
			);
			name = "Supporting Files";
			sourceTree = "<group>";
		};
		42A5B971198C568900C3BCC1 /* CHDropDownTextFieldExampleTests */ = {
			isa = PBXGroup;
			children = (
				42A5B977198C568900C3BCC1 /* CHDropDownTextFieldExampleTests.m */,
				42A5B972198C568900C3BCC1 /* Supporting Files */,
			);
			path = CHDropDownTextFieldExampleTests;
			sourceTree = "<group>";
		};
		42A5B972198C568900C3BCC1 /* Supporting Files */ = {
			isa = PBXGroup;
			children = (
				42A5B973198C568900C3BCC1 /* CHDropDownTextFieldExampleTests-Info.plist */,
				42A5B974198C568900C3BCC1 /* InfoPlist.strings */,
			);
			name = "Supporting Files";
			sourceTree = "<group>";
		};
		42A5B984198C58AF00C3BCC1 /* CHDropDownTextField */ = {
			isa = PBXGroup;
			children = (
				42A5B985198C58AF00C3BCC1 /* CHDropDownTextField.h */,
				42A5B986198C58AF00C3BCC1 /* CHDropDownTextField.m */,
				42A5B987198C58AF00C3BCC1 /* CHDropDownTextFieldTableViewCell.h */,
				42A5B988198C58AF00C3BCC1 /* CHDropDownTextFieldTableViewCell.m */,
			);
			name = CHDropDownTextField;
			path = ../../CHDropDownTextField;
			sourceTree = "<group>";
		};
/* End PBXGroup section */

/* Begin PBXNativeTarget section */
		42A5B94E198C568900C3BCC1 /* CHDropDownTextFieldExample */ = {
			isa = PBXNativeTarget;
			buildConfigurationList = 42A5B97B198C568900C3BCC1 /* Build configuration list for PBXNativeTarget "CHDropDownTextFieldExample" */;
			buildPhases = (
				42A5B94B198C568900C3BCC1 /* Sources */,
				42A5B94C198C568900C3BCC1 /* Frameworks */,
				42A5B94D198C568900C3BCC1 /* Resources */,
			);
			buildRules = (
			);
			dependencies = (
			);
			name = CHDropDownTextFieldExample;
			productName = CHDropDownTextFieldExample;
			productReference = 42A5B94F198C568900C3BCC1 /* CHDropDownTextFieldExample.app */;
			productType = "com.apple.product-type.application";
		};
		42A5B969198C568900C3BCC1 /* CHDropDownTextFieldExampleTests */ = {
			isa = PBXNativeTarget;
			buildConfigurationList = 42A5B97E198C568900C3BCC1 /* Build configuration list for PBXNativeTarget "CHDropDownTextFieldExampleTests" */;
			buildPhases = (
				42A5B966198C568900C3BCC1 /* Sources */,
				42A5B967198C568900C3BCC1 /* Frameworks */,
				42A5B968198C568900C3BCC1 /* Resources */,
			);
			buildRules = (
			);
			dependencies = (
				42A5B970198C568900C3BCC1 /* PBXTargetDependency */,
			);
			name = CHDropDownTextFieldExampleTests;
			productName = CHDropDownTextFieldExampleTests;
			productReference = 42A5B96A198C568900C3BCC1 /* CHDropDownTextFieldExampleTests.xctest */;
			productType = "com.apple.product-type.bundle.unit-test";
		};
/* End PBXNativeTarget section */

/* Begin PBXProject section */
		42A5B947198C568900C3BCC1 /* Project object */ = {
			isa = PBXProject;
			attributes = {
				CLASSPREFIX = CH;
				LastUpgradeCheck = 0510;
				ORGANIZATIONNAME = ChaiOne;
				TargetAttributes = {
					42A5B969198C568900C3BCC1 = {
						TestTargetID = 42A5B94E198C568900C3BCC1;
					};
				};
			};
			buildConfigurationList = 42A5B94A198C568900C3BCC1 /* Build configuration list for PBXProject "CHDropDownTextFieldExample" */;
			compatibilityVersion = "Xcode 3.2";
			developmentRegion = English;
			hasScannedForEncodings = 0;
			knownRegions = (
				en,
			);
			mainGroup = 42A5B946198C568900C3BCC1;
			productRefGroup = 42A5B950198C568900C3BCC1 /* Products */;
			projectDirPath = "";
			projectRoot = "";
			targets = (
				42A5B94E198C568900C3BCC1 /* CHDropDownTextFieldExample */,
				42A5B969198C568900C3BCC1 /* CHDropDownTextFieldExampleTests */,
			);
		};
/* End PBXProject section */

/* Begin PBXResourcesBuildPhase section */
		42A5B94D198C568900C3BCC1 /* Resources */ = {
			isa = PBXResourcesBuildPhase;
			buildActionMask = 2147483647;
			files = (
				42A5B95D198C568900C3BCC1 /* InfoPlist.strings in Resources */,
				42A5B98C198C692300C3BCC1 /* Main-iPhone.storyboard in Resources */,
				42A5B965198C568900C3BCC1 /* Images.xcassets in Resources */,
			);
			runOnlyForDeploymentPostprocessing = 0;
		};
		42A5B968198C568900C3BCC1 /* Resources */ = {
			isa = PBXResourcesBuildPhase;
			buildActionMask = 2147483647;
			files = (
				42A5B976198C568900C3BCC1 /* InfoPlist.strings in Resources */,
			);
			runOnlyForDeploymentPostprocessing = 0;
		};
/* End PBXResourcesBuildPhase section */

/* Begin PBXSourcesBuildPhase section */
		42A5B94B198C568900C3BCC1 /* Sources */ = {
			isa = PBXSourcesBuildPhase;
			buildActionMask = 2147483647;
			files = (
				42A5B95F198C568900C3BCC1 /* main.m in Sources */,
				42A5B963198C568900C3BCC1 /* CHAppDelegate.m in Sources */,
				42A5B989198C58AF00C3BCC1 /* CHDropDownTextField.m in Sources */,
				42A5B98A198C58AF00C3BCC1 /* CHDropDownTextFieldTableViewCell.m in Sources */,
				42A5B983198C584E00C3BCC1 /* CHViewController.m in Sources */,
			);
			runOnlyForDeploymentPostprocessing = 0;
		};
		42A5B966198C568900C3BCC1 /* Sources */ = {
			isa = PBXSourcesBuildPhase;
			buildActionMask = 2147483647;
			files = (
				42A5B978198C568900C3BCC1 /* CHDropDownTextFieldExampleTests.m in Sources */,
			);
			runOnlyForDeploymentPostprocessing = 0;
		};
/* End PBXSourcesBuildPhase section */

/* Begin PBXTargetDependency section */
		42A5B970198C568900C3BCC1 /* PBXTargetDependency */ = {
			isa = PBXTargetDependency;
			target = 42A5B94E198C568900C3BCC1 /* CHDropDownTextFieldExample */;
			targetProxy = 42A5B96F198C568900C3BCC1 /* PBXContainerItemProxy */;
		};
/* End PBXTargetDependency section */

/* Begin PBXVariantGroup section */
		42A5B95B198C568900C3BCC1 /* InfoPlist.strings */ = {
			isa = PBXVariantGroup;
			children = (
				42A5B95C198C568900C3BCC1 /* en */,
			);
			name = InfoPlist.strings;
			sourceTree = "<group>";
		};
		42A5B974198C568900C3BCC1 /* InfoPlist.strings */ = {
			isa = PBXVariantGroup;
			children = (
				42A5B975198C568900C3BCC1 /* en */,
			);
			name = InfoPlist.strings;
			sourceTree = "<group>";
		};
/* End PBXVariantGroup section */

/* Begin XCBuildConfiguration section */
		42A5B979198C568900C3BCC1 /* Debug */ = {
			isa = XCBuildConfiguration;
			buildSettings = {
				ALWAYS_SEARCH_USER_PATHS = NO;
				CLANG_CXX_LANGUAGE_STANDARD = "gnu++0x";
				CLANG_CXX_LIBRARY = "libc++";
				CLANG_ENABLE_MODULES = YES;
				CLANG_ENABLE_OBJC_ARC = YES;
				CLANG_WARN_BOOL_CONVERSION = YES;
				CLANG_WARN_CONSTANT_CONVERSION = YES;
				CLANG_WARN_DIRECT_OBJC_ISA_USAGE = YES_ERROR;
				CLANG_WARN_EMPTY_BODY = YES;
				CLANG_WARN_ENUM_CONVERSION = YES;
				CLANG_WARN_INT_CONVERSION = YES;
				CLANG_WARN_OBJC_ROOT_CLASS = YES_ERROR;
				CLANG_WARN__DUPLICATE_METHOD_MATCH = YES;
				"CODE_SIGN_IDENTITY[sdk=iphoneos*]" = "iPhone Developer";
				COPY_PHASE_STRIP = NO;
				GCC_C_LANGUAGE_STANDARD = gnu99;
				GCC_DYNAMIC_NO_PIC = NO;
				GCC_OPTIMIZATION_LEVEL = 0;
				GCC_PREPROCESSOR_DEFINITIONS = (
					"DEBUG=1",
					"$(inherited)",
				);
				GCC_SYMBOLS_PRIVATE_EXTERN = NO;
				GCC_WARN_64_TO_32_BIT_CONVERSION = YES;
				GCC_WARN_ABOUT_RETURN_TYPE = YES_ERROR;
				GCC_WARN_UNDECLARED_SELECTOR = YES;
				GCC_WARN_UNINITIALIZED_AUTOS = YES_AGGRESSIVE;
				GCC_WARN_UNUSED_FUNCTION = YES;
				GCC_WARN_UNUSED_VARIABLE = YES;
				IPHONEOS_DEPLOYMENT_TARGET = 7.1;
				ONLY_ACTIVE_ARCH = YES;
				SDKROOT = iphoneos;
				TARGETED_DEVICE_FAMILY = "1,2";
			};
			name = Debug;
		};
		42A5B97A198C568900C3BCC1 /* Release */ = {
			isa = XCBuildConfiguration;
			buildSettings = {
				ALWAYS_SEARCH_USER_PATHS = NO;
				CLANG_CXX_LANGUAGE_STANDARD = "gnu++0x";
				CLANG_CXX_LIBRARY = "libc++";
				CLANG_ENABLE_MODULES = YES;
				CLANG_ENABLE_OBJC_ARC = YES;
				CLANG_WARN_BOOL_CONVERSION = YES;
				CLANG_WARN_CONSTANT_CONVERSION = YES;
				CLANG_WARN_DIRECT_OBJC_ISA_USAGE = YES_ERROR;
				CLANG_WARN_EMPTY_BODY = YES;
				CLANG_WARN_ENUM_CONVERSION = YES;
				CLANG_WARN_INT_CONVERSION = YES;
				CLANG_WARN_OBJC_ROOT_CLASS = YES_ERROR;
				CLANG_WARN__DUPLICATE_METHOD_MATCH = YES;
				"CODE_SIGN_IDENTITY[sdk=iphoneos*]" = "iPhone Developer";
				COPY_PHASE_STRIP = YES;
				ENABLE_NS_ASSERTIONS = NO;
				GCC_C_LANGUAGE_STANDARD = gnu99;
				GCC_WARN_64_TO_32_BIT_CONVERSION = YES;
				GCC_WARN_ABOUT_RETURN_TYPE = YES_ERROR;
				GCC_WARN_UNDECLARED_SELECTOR = YES;
				GCC_WARN_UNINITIALIZED_AUTOS = YES_AGGRESSIVE;
				GCC_WARN_UNUSED_FUNCTION = YES;
				GCC_WARN_UNUSED_VARIABLE = YES;
				IPHONEOS_DEPLOYMENT_TARGET = 7.1;
				SDKROOT = iphoneos;
				TARGETED_DEVICE_FAMILY = "1,2";
				VALIDATE_PRODUCT = YES;
			};
			name = Release;
		};
		42A5B97C198C568900C3BCC1 /* Debug */ = {
			isa = XCBuildConfiguration;
			buildSettings = {
				ASSETCATALOG_COMPILER_APPICON_NAME = AppIcon;
				ASSETCATALOG_COMPILER_LAUNCHIMAGE_NAME = LaunchImage;
				GCC_PRECOMPILE_PREFIX_HEADER = YES;
				GCC_PREFIX_HEADER = "CHDropDownTextFieldExample/CHDropDownTextFieldExample-Prefix.pch";
				INFOPLIST_FILE = "CHDropDownTextFieldExample/CHDropDownTextFieldExample-Info.plist";
				PRODUCT_NAME = "$(TARGET_NAME)";
				WRAPPER_EXTENSION = app;
			};
			name = Debug;
		};
		42A5B97D198C568900C3BCC1 /* Release */ = {
			isa = XCBuildConfiguration;
			buildSettings = {
				ASSETCATALOG_COMPILER_APPICON_NAME = AppIcon;
				ASSETCATALOG_COMPILER_LAUNCHIMAGE_NAME = LaunchImage;
				GCC_PRECOMPILE_PREFIX_HEADER = YES;
				GCC_PREFIX_HEADER = "CHDropDownTextFieldExample/CHDropDownTextFieldExample-Prefix.pch";
				INFOPLIST_FILE = "CHDropDownTextFieldExample/CHDropDownTextFieldExample-Info.plist";
				PRODUCT_NAME = "$(TARGET_NAME)";
				WRAPPER_EXTENSION = app;
			};
			name = Release;
		};
		42A5B97F198C568900C3BCC1 /* Debug */ = {
			isa = XCBuildConfiguration;
			buildSettings = {
				BUNDLE_LOADER = "$(BUILT_PRODUCTS_DIR)/CHDropDownTextFieldExample.app/CHDropDownTextFieldExample";
				FRAMEWORK_SEARCH_PATHS = (
					"$(SDKROOT)/Developer/Library/Frameworks",
					"$(inherited)",
					"$(DEVELOPER_FRAMEWORKS_DIR)",
				);
				GCC_PRECOMPILE_PREFIX_HEADER = YES;
				GCC_PREFIX_HEADER = "CHDropDownTextFieldExample/CHDropDownTextFieldExample-Prefix.pch";
				GCC_PREPROCESSOR_DEFINITIONS = (
					"DEBUG=1",
					"$(inherited)",
				);
				INFOPLIST_FILE = "CHDropDownTextFieldExampleTests/CHDropDownTextFieldExampleTests-Info.plist";
				PRODUCT_NAME = "$(TARGET_NAME)";
				TEST_HOST = "$(BUNDLE_LOADER)";
				WRAPPER_EXTENSION = xctest;
			};
			name = Debug;
		};
		42A5B980198C568900C3BCC1 /* Release */ = {
			isa = XCBuildConfiguration;
			buildSettings = {
				BUNDLE_LOADER = "$(BUILT_PRODUCTS_DIR)/CHDropDownTextFieldExample.app/CHDropDownTextFieldExample";
				FRAMEWORK_SEARCH_PATHS = (
					"$(SDKROOT)/Developer/Library/Frameworks",
					"$(inherited)",
					"$(DEVELOPER_FRAMEWORKS_DIR)",
				);
				GCC_PRECOMPILE_PREFIX_HEADER = YES;
				GCC_PREFIX_HEADER = "CHDropDownTextFieldExample/CHDropDownTextFieldExample-Prefix.pch";
				INFOPLIST_FILE = "CHDropDownTextFieldExampleTests/CHDropDownTextFieldExampleTests-Info.plist";
				PRODUCT_NAME = "$(TARGET_NAME)";
				TEST_HOST = "$(BUNDLE_LOADER)";
				WRAPPER_EXTENSION = xctest;
			};
			name = Release;
		};
/* End XCBuildConfiguration section */

/* Begin XCConfigurationList section */
		42A5B94A198C568900C3BCC1 /* Build configuration list for PBXProject "CHDropDownTextFieldExample" */ = {
			isa = XCConfigurationList;
			buildConfigurations = (
				42A5B979198C568900C3BCC1 /* Debug */,
				42A5B97A198C568900C3BCC1 /* Release */,
			);
			defaultConfigurationIsVisible = 0;
			defaultConfigurationName = Release;
		};
		42A5B97B198C568900C3BCC1 /* Build configuration list for PBXNativeTarget "CHDropDownTextFieldExample" */ = {
			isa = XCConfigurationList;
			buildConfigurations = (
				42A5B97C198C568900C3BCC1 /* Debug */,
				42A5B97D198C568900C3BCC1 /* Release */,
			);
			defaultConfigurationIsVisible = 0;
			defaultConfigurationName = Release;
		};
		42A5B97E198C568900C3BCC1 /* Build configuration list for PBXNativeTarget "CHDropDownTextFieldExampleTests" */ = {
			isa = XCConfigurationList;
			buildConfigurations = (
				42A5B97F198C568900C3BCC1 /* Debug */,
				42A5B980198C568900C3BCC1 /* Release */,
			);
			defaultConfigurationIsVisible = 0;
			defaultConfigurationName = Release;
		};
/* End XCConfigurationList section */
	};
	rootObject = 42A5B947198C568900C3BCC1 /* Project object */;
}
